
Microsoft Visual Studio Solution File, Format Version 12.00
# Visual Studio Version 17
VisualStudioVersion = 17.5.002.0
MinimumVisualStudioVersion = 10.0.40219.1
Project("{9A19103F-16F7-4668-BE54-9A1E7A4F7556}") = "Api.Tests", "Api.Tests\Api.Tests.csproj", "{375C56B1-0B57-440E-A780-E45BEFF3EEA2}"
EndProject
Project("{9A19103F-16F7-4668-BE54-9A1E7A4F7556}") = "Api", "Api\Api.csproj", "{58CA31C5-35E6-4B72-9379-D980466D2C58}"
EndProject
Global
	GlobalSection(SolutionConfigurationPlatforms) = preSolution
		Debug|Any CPU = Debug|Any CPU
		Release|Any CPU = Release|Any CPU
	EndGlobalSection
	GlobalSection(ProjectConfigurationPlatforms) = postSolution
		{375C56B1-0B57-440E-A780-E45BEFF3EEA2}.Debug|Any CPU.ActiveCfg = Debug|Any CPU
		{375C56B1-0B57-440E-A780-E45BEFF3EEA2}.Debug|Any CPU.Build.0 = Debug|Any CPU
		{375C56B1-0B57-440E-A780-E45BEFF3EEA2}.Release|Any CPU.ActiveCfg = Release|Any CPU
		{375C56B1-0B57-440E-A780-E45BEFF3EEA2}.Release|Any CPU.Build.0 = Release|Any CPU
		{58CA31C5-35E6-4B72-9379-D980466D2C58}.Debug|Any CPU.ActiveCfg = Debug|Any CPU
		{58CA31C5-35E6-4B72-9379-D980466D2C58}.Debug|Any CPU.Build.0 = Debug|Any CPU
		{58CA31C5-35E6-4B72-9379-D980466D2C58}.Release|Any CPU.ActiveCfg = Release|Any CPU
		{58CA31C5-35E6-4B72-9379-D980466D2C58}.Release|Any CPU.Build.0 = Release|Any CPU
	EndGlobalSection
	GlobalSection(SolutionProperties) = preSolution
		HideSolutionNode = FALSE
	EndGlobalSection
	GlobalSection(ExtensibilityGlobals) = postSolution
		SolutionGuid = {1D3DB86D-E5B8-4235-AC2E-4F7B7655D741}
	EndGlobalSection
EndGlobal
